
Microsoft Visual Studio Solution File, Format Version 12.00
# Visual Studio 15
VisualStudioVersion = 15.0.28010.2046
MinimumVisualStudioVersion = 10.0.40219.1
Project("{9A19103F-16F7-4668-BE54-9A1E7A4F7556}") = "Lab4", "Lab4\Lab4.csproj", "{789CC063-3DFD-486A-A04C-94819FD0E07D}"
EndProject
Project("{FAE04EC0-301F-11D3-BF4B-00C04F79EFBC}") = "lab4.test", "lab4.test\lab4.test.csproj", "{EA9EAD25-40AC-448A-9446-0CF0BF3B7786}"
EndProject
Global
	GlobalSection(SolutionConfigurationPlatforms) = preSolution
		Debug|Any CPU = Debug|Any CPU
		Release|Any CPU = Release|Any CPU
	EndGlobalSection
	GlobalSection(ProjectConfigurationPlatforms) = postSolution
		{789CC063-3DFD-486A-A04C-94819FD0E07D}.Debug|Any CPU.ActiveCfg = Debug|Any CPU
		{789CC063-3DFD-486A-A04C-94819FD0E07D}.Debug|Any CPU.Build.0 = Debug|Any CPU
		{789CC063-3DFD-486A-A04C-94819FD0E07D}.Release|Any CPU.ActiveCfg = Release|Any CPU
		{789CC063-3DFD-486A-A04C-94819FD0E07D}.Release|Any CPU.Build.0 = Release|Any CPU
		{EA9EAD25-40AC-448A-9446-0CF0BF3B7786}.Debug|Any CPU.ActiveCfg = Debug|Any CPU
		{EA9EAD25-40AC-448A-9446-0CF0BF3B7786}.Debug|Any CPU.Build.0 = Debug|Any CPU
		{EA9EAD25-40AC-448A-9446-0CF0BF3B7786}.Release|Any CPU.ActiveCfg = Release|Any CPU
		{EA9EAD25-40AC-448A-9446-0CF0BF3B7786}.Release|Any CPU.Build.0 = Release|Any CPU
	EndGlobalSection
	GlobalSection(SolutionProperties) = preSolution
		HideSolutionNode = FALSE
	EndGlobalSection
	GlobalSection(ExtensibilityGlobals) = postSolution
		SolutionGuid = {F5EBFA82-9209-4B03-B4CA-C79C07985EDD}
	EndGlobalSection
EndGlobal
